<?xml version="1.0" encoding="utf-8"?>
<Project ToolsVersion="4.0" xmlns="http://schemas.microsoft.com/developer/msbuild/2003">
  <ItemGroup>
    <Filter Include="Source">
      <UniqueIdentifier>{8b4f9095-7328-4250-9a01-a2ac185958ef}</UniqueIdentifier>
    </Filter>
    <Filter Include="Header Files">
      <UniqueIdentifier>{70f0715c-95a1-494f-a6c4-96731e15c556}</UniqueIdentifier>
    </Filter>
  </ItemGroup>
  <ItemGroup>
    <ClCompile Include="mosquitto.cpp">
      <Filter>Source</Filter>
    </ClCompile>
    <ClCompile Include="main.cpp">
      <Filter>Source</Filter>
    </ClCompile>
    <ClCompile Include="ServerNetworking.cpp">
      <Filter>Source</Filter>
    </ClCompile>
    <ClCompile Include="Sensor.cpp">
      <Filter>Source</Filter>
    </ClCompile>
  </ItemGroup>
  <ItemGroup>
    <ClInclude Include="mosquitto.hpp">
      <Filter>Header Files</Filter>
    </ClInclude>
    <ClInclude Include="configs.h">
      <Filter>Header Files</Filter>
    </ClInclude>
    <ClInclude Include="ServerNetworking.h">
      <Filter>Header Files</Filter>
    </ClInclude>
    <ClInclude Include="Sensor.h">
      <Filter>Header Files</Filter>
    </ClInclude>
  </ItemGroup>
</Project>